<Solution>
  <Project Path="AccountingScholarships.API/AccountingScholarships.API.csproj" />
  <Project Path="AccountingScholarships.Application/AccountingScholarships.Application.csproj" />
  <Project Path="AccountingScholarships.Domain/AccountingScholarships.Domain.csproj" />
  <Project Path="AccountingScholarships.Infrastructure/AccountingScholarships.Infrastructure.csproj" />
</Solution>
